# This file is automatically @generated by Poetry 1.5.1 and should not be changed by hand.

[[package]]
name = "awkward"
version = "2.5.2"
description = "Manipulate JSON-like data with NumPy-like idioms."
optional = false
python-versions = ">=3.8"
files = [
    {file = "awkward-2.5.2-py3-none-any.whl", hash = "sha256:6b6cbb62cdafb65457c4672980735a2b2e635a5eda5570a51459b4e42359ceb5"},
    {file = "awkward-2.5.2.tar.gz", hash = "sha256:34f4b440684b2e20f23b1a406aa3da4ecdf4fdb5fa0e076d5d337e955dee8ab6"},
]

[package.dependencies]
awkward-cpp = "28"
importlib-metadata = {version = ">=4.13.0", markers = "python_version < \"3.12\""}
numpy = ">=1.18.0"
packaging = "*"
typing-extensions = {version = ">=4.1.0", markers = "python_version < \"3.11\""}

[[package]]
name = "awkward-cpp"
version = "28"
description = "CPU kernels and compiled extensions for Awkward Array"
optional = false
python-versions = ">=3.8"
files = [
    {file = "awkward-cpp-28.tar.gz", hash = "sha256:304ebbf900c577368fd3c491a4ddfe6a5790bdec76a2b06bdcc4728176264592"},
    {file = "awkward_cpp-28-cp310-cp310-macosx_10_9_universal2.whl", hash = "sha256:d7f995056387fb3d004d45012fd15eccdedee5613a331c18941caf9c2670353d"},
    {file = "awkward_cpp-28-cp310-cp310-macosx_10_9_x86_64.whl", hash = "sha256:d8540242144067b2ef76eae0bcfa4ae7ac188f3b6160c815ce8cb95ef5fdad32"},
    {file = "awkward_cpp-28-cp310-cp310-manylinux_2_17_aarch64.manylinux2014_aarch64.whl", hash = "sha256:45b0cff5955e78f4208735e95c9f6ef5c79f9c0df857baa418ff9f0386c71af6"},
    {file = "awkward_cpp-28-cp310-cp310-manylinux_2_17_x86_64.manylinux2014_x86_64.whl", hash = "sha256:9c7c726430b328aa1e3d82af5fbf25e78ab1088f3ea9cfb752efffa4ca812496"},
    {file = "awkward_cpp-28-cp310-cp310-musllinux_1_1_aarch64.whl", hash = "sha256:31069d5d0c26be0086a5b37c9c4212b9d232c9d54a16ec4b47292bd0ebd085df"},
    {file = "awkward_cpp-28-cp310-cp310-musllinux_1_1_x86_64.whl", hash = "sha256:8f2136fa34837632ecc4d68bae41d2518bb92b60ca52aa2f5d3f3a7c0017c6a2"},
    {file = "awkward_cpp-28-cp310-cp310-win_amd64.whl", hash = "sha256:312360d76888b5114a38bcbd9ad5179e939acc0873033cf08cb8c272a15fa6e9"},
    {file = "awkward_cpp-28-cp311-cp311-macosx_10_9_universal2.whl", hash = "sha256:ff429cc7fedc1fddbe9726256ea03265c0ab14fb200ae5d787bb2bed149cf592"},
    {file = "awkward_cpp-28-cp311-cp311-macosx_10_9_x86_64.whl", hash = "sha256:14ed98a25528e2517ca660638ca72217441b3817d59cf78ea10ccac9230f3749"},
    {file = "awkward_cpp-28-cp311-cp311-manylinux_2_17_aarch64.manylinux2014_aarch64.whl", hash = "sha256:26d21c444e5a83c0e4fa74f1cf1505f7c4083e23be1af2cd8191b9e181b181b4"},
    {file = "awkward_cpp-28-cp311-cp311-manylinux_2_17_x86_64.manylinux2014_x86_64.whl", hash = "sha256:8cbc55e27117bf5ab26b514ddd11a0cadd847eec50dd4b8833fd65be126f46d5"},
    {file = "awkward_cpp-28-cp311-cp311-musllinux_1_1_aarch64.whl", hash = "sha256:4737ea0c337b35ee586078bc2ba41eb2f4b771108f551bc63fab6c73d2a9fc5e"},
    {file = "awkward_cpp-28-cp311-cp311-musllinux_1_1_x86_64.whl", hash = "sha256:286f5288ad21f0296a8c4182a360c141c8dd000b6eb2fa03696ba5f2c632bd95"},
    {file = "awkward_cpp-28-cp311-cp311-win_amd64.whl", hash = "sha256:0be97d9ca36068878b18a307f919e55bb4e9538fb46432c7492bab3e64bc8251"},
    {file = "awkward_cpp-28-cp312-cp312-macosx_10_9_universal2.whl", hash = "sha256:d5cc1a7a6871dcaba33986bb634c9d4e6e58c6f3324f58db1884a171d1b74d11"},
    {file = "awkward_cpp-28-cp312-cp312-macosx_10_9_x86_64.whl", hash = "sha256:4ce8def0cd6df1507876664a1714242016e52265fd715eaba57b8fe9dd978e40"},
    {file = "awkward_cpp-28-cp312-cp312-manylinux_2_17_aarch64.manylinux2014_aarch64.whl", hash = "sha256:8e4419c82cdd6095471334b0bdb197c507598ffdb89b01e0bae2f04077a77b1b"},
    {file = "awkward_cpp-28-cp312-cp312-manylinux_2_17_x86_64.manylinux2014_x86_64.whl", hash = "sha256:f38e6198a9dcc4693b347c035db996f89d4407a3f6cf4cbae7d00aa8eedf8f57"},
    {file = "awkward_cpp-28-cp312-cp312-musllinux_1_1_aarch64.whl", hash = "sha256:facc2c40ed566fe25f376eae9743ad147d900c1beb7d3dc3f592669907314a1f"},
    {file = "awkward_cpp-28-cp312-cp312-musllinux_1_1_x86_64.whl", hash = "sha256:9f0cceb35aeee70f53f03814c3a3dac06c3514eec3149e09dbd0b9e723215145"},
    {file = "awkward_cpp-28-cp312-cp312-win_amd64.whl", hash = "sha256:59ec43807b8f999c855250f464316e4ecb2e3737feb26bd996df281032c7eabc"},
    {file = "awkward_cpp-28-cp38-cp38-macosx_10_9_universal2.whl", hash = "sha256:cc28f0a4528ac722979efcf970ff82fd2bcf9fa74ea70b9e3797de9182f2cd6b"},
    {file = "awkward_cpp-28-cp38-cp38-macosx_10_9_x86_64.whl", hash = "sha256:2991ca89342e1b7ff1a803335506ead04fc83232bb1610de5321823158b18792"},
    {file = "awkward_cpp-28-cp38-cp38-manylinux_2_17_aarch64.manylinux2014_aarch64.whl", hash = "sha256:c8d4f7da0d48a8e612b43b14f679a5546b758e2fea66bbb2fd515c410055c9be"},
    {file = "awkward_cpp-28-cp38-cp38-manylinux_2_17_x86_64.manylinux2014_x86_64.whl", hash = "sha256:ccfc10ee04d29de244a76b9cc5f2855a1a1aa73aba1a60ab68279fa085fae583"},
    {file = "awkward_cpp-28-cp38-cp38-musllinux_1_1_aarch64.whl", hash = "sha256:cb6e81d67f40bac7d2335e6169f1065bd53af055f952347428ea7470b08f32ec"},
    {file = "awkward_cpp-28-cp38-cp38-musllinux_1_1_x86_64.whl", hash = "sha256:17074f0354faa956aab651b578658e2d988a3974a7b0b57c54a377451240cf25"},
    {file = "awkward_cpp-28-cp38-cp38-win32.whl", hash = "sha256:2d4d40d8656f93d9df388c98083f135764bea66f7501ecf4b674427a17625aae"},
    {file = "awkward_cpp-28-cp38-cp38-win_amd64.whl", hash = "sha256:f7ce31e9c46f50adf534ca8c95a2fc97dd4e2409a95047785c84558a35996208"},
    {file = "awkward_cpp-28-cp39-cp39-macosx_10_9_universal2.whl", hash = "sha256:504c1827dc301b43e80fa2223f22c7c4a30d45799fe07a5f921858d78081fd2f"},
    {file = "awkward_cpp-28-cp39-cp39-macosx_10_9_x86_64.whl", hash = "sha256:dba4f11f362ace07820ad0340a4d94a8a08aad9b57e44839dd6ba76761e90bab"},
    {file = "awkward_cpp-28-cp39-cp39-manylinux_2_17_aarch64.manylinux2014_aarch64.whl", hash = "sha256:a787dbd2882c232cf61c76caf13610334de5d5badff269fc49c4f6a7e13a87cd"},
    {file = "awkward_cpp-28-cp39-cp39-manylinux_2_17_x86_64.manylinux2014_x86_64.whl", hash = "sha256:9eaf046c3ea8b65e9340e88483271c8540e1d3c76d41afa495574e2b47117cc6"},
    {file = "awkward_cpp-28-cp39-cp39-musllinux_1_1_aarch64.whl", hash = "sha256:22ce5406055bcc73720f76ae0dc1a12fbaaa22b00ca924688478d413a3ebfa7f"},
    {file = "awkward_cpp-28-cp39-cp39-musllinux_1_1_x86_64.whl", hash = "sha256:7d9407d051272c020c6ffea0a51a062bc44c8b5fda6e911f38faee0126d9e624"},
    {file = "awkward_cpp-28-cp39-cp39-win32.whl", hash = "sha256:26afc25e86c3631999f4188d5e173ce60ffc0125d1c69b17136d1fade3748fdf"},
    {file = "awkward_cpp-28-cp39-cp39-win_amd64.whl", hash = "sha256:4098c799897a94fdf26224a8e57064096e5918c44a2c33f280641970a595186c"},
    {file = "awkward_cpp-28-pp310-pypy310_pp73-macosx_10_9_x86_64.whl", hash = "sha256:b16a452644db24544403cb8a9fe4f47a63841f7625b9febf021a70f2331dd12e"},
    {file = "awkward_cpp-28-pp310-pypy310_pp73-manylinux_2_17_x86_64.manylinux2014_x86_64.whl", hash = "sha256:abb01c5abc00cb77225f64c205da5b05a1a9a7544c388c0d3a1c811e0d1dfe18"},
    {file = "awkward_cpp-28-pp38-pypy38_pp73-macosx_10_9_x86_64.whl", hash = "sha256:9dc49bffe7f096708b3e2b1455df1d1ba3e999c6bcd3b186873d13fb015fc090"},
    {file = "awkward_cpp-28-pp38-pypy38_pp73-manylinux_2_17_x86_64.manylinux2014_x86_64.whl", hash = "sha256:66d3171519caab2b10161b682839b59155b7001b1d1199230d9e137b309e5caa"},
    {file = "awkward_cpp-28-pp39-pypy39_pp73-macosx_10_9_x86_64.whl", hash = "sha256:240479e25e83f08fe6cf93e6abb6eed1b83bf6cbf1a8ed894b2b4568ba17250f"},
    {file = "awkward_cpp-28-pp39-pypy39_pp73-manylinux_2_17_x86_64.manylinux2014_x86_64.whl", hash = "sha256:dda7cebbafa71742d65f9ad10f4820ec12c257cb3ac3e250698d8b2e4acb9491"},
]

[package.dependencies]
numpy = ">=1.18.0"

[[package]]
name = "colorama"
version = "0.4.6"
description = "Cross-platform colored terminal text."
optional = false
python-versions = "!=3.0.*,!=3.1.*,!=3.2.*,!=3.3.*,!=3.4.*,!=3.5.*,!=3.6.*,>=2.7"
files = [
    {file = "colorama-0.4.6-py2.py3-none-any.whl", hash = "sha256:4f1d9991f5acc0ca119f9d443620b77f9d6b33703e51011c16baf57afb285fc6"},
    {file = "colorama-0.4.6.tar.gz", hash = "sha256:08695f5cb7ed6e0531a20572697297273c47b8cae5a63ffc6d6ed5c201be6e44"},
]

[[package]]
name = "fsspec"
version = "2023.12.2"
description = "File-system specification"
optional = false
python-versions = ">=3.8"
files = [
    {file = "fsspec-2023.12.2-py3-none-any.whl", hash = "sha256:d800d87f72189a745fa3d6b033b9dc4a34ad069f60ca60b943a63599f5501960"},
    {file = "fsspec-2023.12.2.tar.gz", hash = "sha256:8548d39e8810b59c38014934f6b31e57f40c1b20f911f4cc2b85389c7e9bf0cb"},
]

[package.extras]
abfs = ["adlfs"]
adl = ["adlfs"]
arrow = ["pyarrow (>=1)"]
dask = ["dask", "distributed"]
devel = ["pytest", "pytest-cov"]
dropbox = ["dropbox", "dropboxdrivefs", "requests"]
full = ["adlfs", "aiohttp (!=4.0.0a0,!=4.0.0a1)", "dask", "distributed", "dropbox", "dropboxdrivefs", "fusepy", "gcsfs", "libarchive-c", "ocifs", "panel", "paramiko", "pyarrow (>=1)", "pygit2", "requests", "s3fs", "smbprotocol", "tqdm"]
fuse = ["fusepy"]
gcs = ["gcsfs"]
git = ["pygit2"]
github = ["requests"]
gs = ["gcsfs"]
gui = ["panel"]
hdfs = ["pyarrow (>=1)"]
http = ["aiohttp (!=4.0.0a0,!=4.0.0a1)", "requests"]
libarchive = ["libarchive-c"]
oci = ["ocifs"]
s3 = ["s3fs"]
sftp = ["paramiko"]
smb = ["smbprotocol"]
ssh = ["paramiko"]
tqdm = ["tqdm"]

[[package]]
name = "importlib-metadata"
version = "7.0.1"
description = "Read metadata from Python packages"
optional = false
python-versions = ">=3.8"
files = [
    {file = "importlib_metadata-7.0.1-py3-none-any.whl", hash = "sha256:4805911c3a4ec7c3966410053e9ec6a1fecd629117df5adee56dfc9432a1081e"},
    {file = "importlib_metadata-7.0.1.tar.gz", hash = "sha256:f238736bb06590ae52ac1fab06a3a9ef1d8dce2b7a35b5ab329371d6c8f5d2cc"},
]

[package.dependencies]
zipp = ">=0.5"

[package.extras]
docs = ["furo", "jaraco.packaging (>=9.3)", "jaraco.tidelift (>=1.4)", "rst.linker (>=1.9)", "sphinx (<7.2.5)", "sphinx (>=3.5)", "sphinx-lint"]
perf = ["ipython"]
testing = ["flufl.flake8", "importlib-resources (>=1.3)", "packaging", "pyfakefs", "pytest (>=6)", "pytest-black (>=0.3.7)", "pytest-checkdocs (>=2.4)", "pytest-cov", "pytest-enabler (>=2.2)", "pytest-mypy (>=0.9.1)", "pytest-perf (>=0.9.2)", "pytest-ruff"]

[[package]]
name = "numpy"
version = "1.26.3"
description = "Fundamental package for array computing in Python"
optional = false
python-versions = ">=3.9"
files = [
    {file = "numpy-1.26.3-cp310-cp310-macosx_10_9_x86_64.whl", hash = "sha256:806dd64230dbbfaca8a27faa64e2f414bf1c6622ab78cc4264f7f5f028fee3bf"},
    {file = "numpy-1.26.3-cp310-cp310-macosx_11_0_arm64.whl", hash = "sha256:02f98011ba4ab17f46f80f7f8f1c291ee7d855fcef0a5a98db80767a468c85cd"},
    {file = "numpy-1.26.3-cp310-cp310-manylinux_2_17_aarch64.manylinux2014_aarch64.whl", hash = "sha256:6d45b3ec2faed4baca41c76617fcdcfa4f684ff7a151ce6fc78ad3b6e85af0a6"},
    {file = "numpy-1.26.3-cp310-cp310-manylinux_2_17_x86_64.manylinux2014_x86_64.whl", hash = "sha256:bdd2b45bf079d9ad90377048e2747a0c82351989a2165821f0c96831b4a2a54b"},
    {file = "numpy-1.26.3-cp310-cp310-musllinux_1_1_aarch64.whl", hash = "sha256:211ddd1e94817ed2d175b60b6374120244a4dd2287f4ece45d49228b4d529178"},
    {file = "numpy-1.26.3-cp310-cp310-musllinux_1_1_x86_64.whl", hash = "sha256:b1240f767f69d7c4c8a29adde2310b871153df9b26b5cb2b54a561ac85146485"},
    {file = "numpy-1.26.3-cp310-cp310-win32.whl", hash = "sha256:21a9484e75ad018974a2fdaa216524d64ed4212e418e0a551a2d83403b0531d3"},
    {file = "numpy-1.26.3-cp310-cp310-win_amd64.whl", hash = "sha256:9e1591f6ae98bcfac2a4bbf9221c0b92ab49762228f38287f6eeb5f3f55905ce"},
    {file = "numpy-1.26.3-cp311-cp311-macosx_10_9_x86_64.whl", hash = "sha256:b831295e5472954104ecb46cd98c08b98b49c69fdb7040483aff799a755a7374"},
    {file = "numpy-1.26.3-cp311-cp311-macosx_11_0_arm64.whl", hash = "sha256:9e87562b91f68dd8b1c39149d0323b42e0082db7ddb8e934ab4c292094d575d6"},
    {file = "numpy-1.26.3-cp311-cp311-manylinux_2_17_aarch64.manylinux2014_aarch64.whl", hash = "sha256:8c66d6fec467e8c0f975818c1796d25c53521124b7cfb760114be0abad53a0a2"},
    {file = "numpy-1.26.3-cp311-cp311-manylinux_2_17_x86_64.manylinux2014_x86_64.whl", hash = "sha256:f25e2811a9c932e43943a2615e65fc487a0b6b49218899e62e426e7f0a57eeda"},
    {file = "numpy-1.26.3-cp311-cp311-musllinux_1_1_aarch64.whl", hash = "sha256:af36e0aa45e25c9f57bf684b1175e59ea05d9a7d3e8e87b7ae1a1da246f2767e"},
    {file = "numpy-1.26.3-cp311-cp311-musllinux_1_1_x86_64.whl", hash = "sha256:51c7f1b344f302067b02e0f5b5d2daa9ed4a721cf49f070280ac202738ea7f00"},
    {file = "numpy-1.26.3-cp311-cp311-win32.whl", hash = "sha256:7ca4f24341df071877849eb2034948459ce3a07915c2734f1abb4018d9c49d7b"},
    {file = "numpy-1.26.3-cp311-cp311-win_amd64.whl", hash = "sha256:39763aee6dfdd4878032361b30b2b12593fb445ddb66bbac802e2113eb8a6ac4"},
    {file = "numpy-1.26.3-cp312-cp312-macosx_10_9_x86_64.whl", hash = "sha256:a7081fd19a6d573e1a05e600c82a1c421011db7935ed0d5c483e9dd96b99cf13"},
    {file = "numpy-1.26.3-cp312-cp312-macosx_11_0_arm64.whl", hash = "sha256:12c70ac274b32bc00c7f61b515126c9205323703abb99cd41836e8125ea0043e"},
    {file = "numpy-1.26.3-cp312-cp312-manylinux_2_17_aarch64.manylinux2014_aarch64.whl", hash = "sha256:7f784e13e598e9594750b2ef6729bcd5a47f6cfe4a12cca13def35e06d8163e3"},
    {file = "numpy-1.26.3-cp312-cp312-manylinux_2_17_x86_64.manylinux2014_x86_64.whl", hash = "sha256:5f24750ef94d56ce6e33e4019a8a4d68cfdb1ef661a52cdaee628a56d2437419"},
    {file = "numpy-1.26.3-cp312-cp312-musllinux_1_1_aarch64.whl", hash = "sha256:77810ef29e0fb1d289d225cabb9ee6cf4d11978a00bb99f7f8ec2132a84e0166"},
    {file = "numpy-1.26.3-cp312-cp312-musllinux_1_1_x86_64.whl", hash = "sha256:8ed07a90f5450d99dad60d3799f9c03c6566709bd53b497eb9ccad9a55867f36"},
    {file = "numpy-1.26.3-cp312-cp312-win32.whl", hash = "sha256:f73497e8c38295aaa4741bdfa4fda1a5aedda5473074369eca10626835445511"},
    {file = "numpy-1.26.3-cp312-cp312-win_amd64.whl", hash = "sha256:da4b0c6c699a0ad73c810736303f7fbae483bcb012e38d7eb06a5e3b432c981b"},
    {file = "numpy-1.26.3-cp39-cp39-macosx_10_9_x86_64.whl", hash = "sha256:1666f634cb3c80ccbd77ec97bc17337718f56d6658acf5d3b906ca03e90ce87f"},
    {file = "numpy-1.26.3-cp39-cp39-macosx_11_0_arm64.whl", hash = "sha256:18c3319a7d39b2c6a9e3bb75aab2304ab79a811ac0168a671a62e6346c29b03f"},
    {file = "numpy-1.26.3-cp39-cp39-manylinux_2_17_aarch64.manylinux2014_aarch64.whl", hash = "sha256:0b7e807d6888da0db6e7e75838444d62495e2b588b99e90dd80c3459594e857b"},
    {file = "numpy-1.26.3-cp39-cp39-manylinux_2_17_x86_64.manylinux2014_x86_64.whl", hash = "sha256:b4d362e17bcb0011738c2d83e0a65ea8ce627057b2fdda37678f4374a382a137"},
    {file = "numpy-1.26.3-cp39-cp39-musllinux_1_1_aarch64.whl", hash = "sha256:b8c275f0ae90069496068c714387b4a0eba5d531aace269559ff2b43655edd58"},
    {file = "numpy-1.26.3-cp39-cp39-musllinux_1_1_x86_64.whl", hash = "sha256:cc0743f0302b94f397a4a65a660d4cd24267439eb16493fb3caad2e4389bccbb"},
    {file = "numpy-1.26.3-cp39-cp39-win32.whl", hash = "sha256:9bc6d1a7f8cedd519c4b7b1156d98e051b726bf160715b769106661d567b3f03"},
    {file = "numpy-1.26.3-cp39-cp39-win_amd64.whl", hash = "sha256:867e3644e208c8922a3be26fc6bbf112a035f50f0a86497f98f228c50c607bb2"},
    {file = "numpy-1.26.3-pp39-pypy39_pp73-macosx_10_9_x86_64.whl", hash = "sha256:3c67423b3703f8fbd90f5adaa37f85b5794d3366948efe9a5190a5f3a83fc34e"},
    {file = "numpy-1.26.3-pp39-pypy39_pp73-manylinux_2_17_x86_64.manylinux2014_x86_64.whl", hash = "sha256:46f47ee566d98849323f01b349d58f2557f02167ee301e5e28809a8c0e27a2d0"},
    {file = "numpy-1.26.3-pp39-pypy39_pp73-win_amd64.whl", hash = "sha256:a8474703bffc65ca15853d5fd4d06b18138ae90c17c8d12169968e998e448bb5"},
    {file = "numpy-1.26.3.tar.gz", hash = "sha256:697df43e2b6310ecc9d95f05d5ef20eacc09c7c4ecc9da3f235d39e71b7da1e4"},
]

[[package]]
name = "packaging"
version = "23.2"
description = "Core utilities for Python packages"
optional = false
python-versions = ">=3.7"
files = [
    {file = "packaging-23.2-py3-none-any.whl", hash = "sha256:8c491190033a9af7e1d931d0b5dacc2ef47509b34dd0de67ed209b5203fc88c7"},
    {file = "packaging-23.2.tar.gz", hash = "sha256:048fb0e9405036518eaaf48a55953c750c11e1a1b68e0dd1a9d62ed0c092cfc5"},
]

[[package]]
name = "tqdm"
version = "4.66.1"
description = "Fast, Extensible Progress Meter"
optional = false
python-versions = ">=3.7"
files = [
    {file = "tqdm-4.66.1-py3-none-any.whl", hash = "sha256:d302b3c5b53d47bce91fea46679d9c3c6508cf6332229aa1e7d8653723793386"},
    {file = "tqdm-4.66.1.tar.gz", hash = "sha256:d88e651f9db8d8551a62556d3cff9e3034274ca5d66e93197cf2490e2dcb69c7"},
]

[package.dependencies]
colorama = {version = "*", markers = "platform_system == \"Windows\""}

[package.extras]
dev = ["pytest (>=6)", "pytest-cov", "pytest-timeout", "pytest-xdist"]
notebook = ["ipywidgets (>=6)"]
slack = ["slack-sdk"]
telegram = ["requests"]

[[package]]
name = "typing-extensions"
version = "4.9.0"
description = "Backported and Experimental Type Hints for Python 3.8+"
optional = false
python-versions = ">=3.8"
files = [
    {file = "typing_extensions-4.9.0-py3-none-any.whl", hash = "sha256:af72aea155e91adfc61c3ae9e0e342dbc0cba726d6cba4b6c72c1f34e47291cd"},
    {file = "typing_extensions-4.9.0.tar.gz", hash = "sha256:23478f88c37f27d76ac8aee6c905017a143b0b1b886c3c9f66bc2fd94f9f5783"},
]

[[package]]
name = "uproot"
version = "5.2.1"
description = "ROOT I/O in pure Python and NumPy."
optional = false
python-versions = ">=3.8"
files = [
    {file = "uproot-5.2.1-py3-none-any.whl", hash = "sha256:f09d9fb7c7cb20d3efe2c21046c0cf65db3f1650bec71ea07b85451fd7c2f42e"},
    {file = "uproot-5.2.1.tar.gz", hash = "sha256:74cd0a2d3f4d50bbe18e0857cec5de3be746b2477d036b43842f719f177af75a"},
]

[package.dependencies]
awkward = ">=2.4.6"
fsspec = "*"
numpy = "*"
packaging = "*"
typing-extensions = {version = ">=4.1.0", markers = "python_version < \"3.11\""}

[package.extras]
dev = ["awkward-pandas", "boost-histogram (>=0.13)", "dask-awkward (>=2023.12.1)", "dask[array,distributed]", "hist (>=1.2)", "pandas"]
test = ["aiohttp", "fsspec-xrootd", "lz4", "minio", "paramiko", "pytest (>=6)", "pytest-rerunfailures", "pytest-timeout", "rangehttpserver", "requests", "s3fs", "scikit-hep-testdata", "xxhash", "zstandard"]

[[package]]
name = "zipp"
version = "3.17.0"
description = "Backport of pathlib-compatible object wrapper for zip files"
optional = false
python-versions = ">=3.8"
files = [
    {file = "zipp-3.17.0-py3-none-any.whl", hash = "sha256:0e923e726174922dce09c53c59ad483ff7bbb8e572e00c7f7c46b88556409f31"},
    {file = "zipp-3.17.0.tar.gz", hash = "sha256:84e64a1c28cf7e91ed2078bb8cc8c259cb19b76942096c8d7b84947690cabaf0"},
]

[package.extras]
docs = ["furo", "jaraco.packaging (>=9.3)", "jaraco.tidelift (>=1.4)", "rst.linker (>=1.9)", "sphinx (<7.2.5)", "sphinx (>=3.5)", "sphinx-lint"]
testing = ["big-O", "jaraco.functools", "jaraco.itertools", "more-itertools", "pytest (>=6)", "pytest-black (>=0.3.7)", "pytest-checkdocs (>=2.4)", "pytest-cov", "pytest-enabler (>=2.2)", "pytest-ignore-flaky", "pytest-mypy (>=0.9.1)", "pytest-ruff"]

[metadata]
lock-version = "2.0"
python-versions = "^3.9"
content-hash = "4201efa26c459803e356fd3f00c71579a5a789c5b8048d2cbd0a889fb78be8a1"
